<?xml version="1.0" encoding="UTF-8" standalone="yes" ?>
<CodeBlocks_project_file>
	<FileVersion major="1" minor="6" />
	<Project>
		<Option title="CommandLineOS" />
		<Option pch_mode="2" />
		<Option compiler="gcc" />
		<Build>
			<Target title="Debug">
				<Option output="bin/Debug/CommandLineOS" prefix_auto="1" extension_auto="1" />
				<Option object_output="obj/Debug/" />
				<Option type="1" />
				<Option compiler="gcc" />
				<Compiler>
					<Add option="-g" />
					<Add directory="include" />
				</Compiler>
			</Target>
			<Target title="Release">
				<Option output="bin/Release/CommandLineOS" prefix_auto="1" extension_auto="1" />
				<Option object_output="obj/Release/" />
				<Option type="1" />
				<Option compiler="gcc" />
				<Compiler>
					<Add option="-O2" />
					<Add directory="include" />
				</Compiler>
				<Linker>
					<Add option="-s" />
				</Linker>
			</Target>
		</Build>
		<Compiler>
			<Add option="-Wall" />
			<Add option="-fexceptions" />
		</Compiler>
		<Unit filename="include/Command.h" />
		<Unit filename="include/CommandListener.h" />
		<Unit filename="include/CommandLog.h" />
		<Unit filename="include/DisplayDateCommand.h" />
		<Unit filename="include/DisplayHelpCommand.h" />
		<Unit filename="include/DisplayVersionCommand.h" />
		<Unit filename="include/ExitCommand.h" />
		<Unit filename="include/ListCommandsCommand.h" />
		<Unit filename="include/SetAliasCommand.h" />
		<Unit filename="include/SetDateCommand.h" />
		<Unit filename="include/System.h" />
		<Unit filename="include/ViewDirectoryCommand.h" />
		<Unit filename="main.cpp" />
		<Unit filename="src/Command.cpp" />
		<Unit filename="src/CommandListener.cpp" />
		<Unit filename="src/CommandLog.cpp" />
		<Unit filename="src/DisplayDateCommand.cpp" />
		<Unit filename="src/DisplayHelpCommand.cpp" />
		<Unit filename="src/DisplayVersionCommand.cpp" />
		<Unit filename="src/ExitCommand.cpp" />
		<Unit filename="src/ListCommandsCommand.cpp" />
		<Unit filename="src/SetAliasCommand.cpp" />
		<Unit filename="src/SetDateCommand.cpp" />
		<Unit filename="src/System.cpp" />
		<Unit filename="src/ViewDirectoryCommand.cpp" />
		<Extensions>
			<code_completion />
			<envvars />
			<debugger />
		</Extensions>
	</Project>
</CodeBlocks_project_file>
