<?xml version="1.0" encoding="UTF-8" standalone="yes" ?>
<CodeBlocks_project_file>
	<FileVersion major="1" minor="6" />
	<Project>
		<Option title="ProcessScheduling" />
		<Option pch_mode="2" />
		<Option compiler="gcc" />
		<Build>
			<Target title="Debug">
				<Option output="bin/Debug/ProcessScheduling" prefix_auto="1" extension_auto="1" />
				<Option object_output="obj/Debug/" />
				<Option type="1" />
				<Option compiler="gcc" />
				<Compiler>
					<Add option="-g" />
					<Add directory="include" />
				</Compiler>
			</Target>
			<Target title="Release">
				<Option output="bin/Release/ProcessScheduling" prefix_auto="1" extension_auto="1" />
				<Option object_output="obj/Release/" />
				<Option type="1" />
				<Option compiler="gcc" />
				<Compiler>
					<Add option="-O2" />
					<Add directory="include" />
				</Compiler>
				<Linker>
					<Add option="-s" />
				</Linker>
			</Target>
		</Build>
		<Compiler>
			<Add option="-Wall" />
			<Add option="-fexceptions" />
		</Compiler>
		<Unit filename="include/BlockPCBCommand.h" />
		<Unit filename="include/Command.h" />
		<Unit filename="include/CommandListener.h" />
		<Unit filename="include/CommandLog.h" />
		<Unit filename="include/CreatePCBCommand.h" />
		<Unit filename="include/DeletePCBCommand.h" />
		<Unit filename="include/DisplayDateCommand.h" />
		<Unit filename="include/DisplayHelpCommand.h" />
		<Unit filename="include/DisplayHistoryCommand.h" />
		<Unit filename="include/DisplayVersionCommand.h" />
		<Unit filename="include/ExitCommand.h" />
		<Unit filename="include/FIFOCommand.h" />
		<Unit filename="include/FPPSCommand.h" />
		<Unit filename="include/FirstInFirstOut.h" />
		<Unit filename="include/FixedPriorityPreEmptive.h" />
		<Unit filename="include/ListCommandsCommand.h" />
		<Unit filename="include/MLFQCommand.h" />
		<Unit filename="include/MultilevelFeedbackQueue.h" />
		<Unit filename="include/PCB.h" />
		<Unit filename="include/PCBController.h" />
		<Unit filename="include/PCBNode.h" />
		<Unit filename="include/PCBQueue.h" />
		<Unit filename="include/ProcessReader.h" />
		<Unit filename="include/ProcessScheduler.h" />
		<Unit filename="include/RRCommand.h" />
		<Unit filename="include/ResumePCBCommand.h" />
		<Unit filename="include/RoundRobin.h" />
		<Unit filename="include/SJFCommand.h" />
		<Unit filename="include/STCFCommand.h" />
		<Unit filename="include/SchedulePCB.h" />
		<Unit filename="include/SetAliasCommand.h" />
		<Unit filename="include/SetDateCommand.h" />
		<Unit filename="include/SetPCBPriorityCommand.h" />
		<Unit filename="include/ShortestJobFirst.h" />
		<Unit filename="include/ShortestTimeToCompletion.h" />
		<Unit filename="include/ShowAllPCBCommand.h" />
		<Unit filename="include/ShowBlockedPCBCommand.h" />
		<Unit filename="include/ShowPCBCommand.h" />
		<Unit filename="include/ShowReadyPCBCommand.h" />
		<Unit filename="include/SuspendPCBCommand.h" />
		<Unit filename="include/System.h" />
		<Unit filename="include/UnblockPCBCommand.h" />
		<Unit filename="include/ViewDirectoryCommand.h" />
		<Unit filename="main.cpp" />
		<Unit filename="src/BlockPCBCommand.cpp" />
		<Unit filename="src/Command.cpp" />
		<Unit filename="src/CommandListener.cpp" />
		<Unit filename="src/CommandLog.cpp" />
		<Unit filename="src/CreatePCBCommand.cpp" />
		<Unit filename="src/DeletePCBCommand.cpp" />
		<Unit filename="src/DisplayDateCommand.cpp" />
		<Unit filename="src/DisplayHelpCommand.cpp" />
		<Unit filename="src/DisplayHistoryCommand.cpp" />
		<Unit filename="src/DisplayVersionCommand.cpp" />
		<Unit filename="src/ExitCommand.cpp" />
		<Unit filename="src/FIFOCommand.cpp" />
		<Unit filename="src/FPPSCommand.cpp" />
		<Unit filename="src/FirstInFirstOut.cpp" />
		<Unit filename="src/FixedPriorityPreEmptive.cpp" />
		<Unit filename="src/ListCommandsCommand.cpp" />
		<Unit filename="src/MLFQCommand.cpp" />
		<Unit filename="src/MultilevelFeedbackQueue.cpp" />
		<Unit filename="src/PCB.cpp" />
		<Unit filename="src/PCBController.cpp" />
		<Unit filename="src/PCBNode.cpp" />
		<Unit filename="src/PCBQueue.cpp" />
		<Unit filename="src/ProcessReader.cpp" />
		<Unit filename="src/ProcessScheduler.cpp" />
		<Unit filename="src/RRCommand.cpp" />
		<Unit filename="src/ResumePCBCommand.cpp" />
		<Unit filename="src/RoundRobin.cpp" />
		<Unit filename="src/SJFCommand.cpp" />
		<Unit filename="src/STCFCommand.cpp" />
		<Unit filename="src/SchedulePCB.cpp" />
		<Unit filename="src/SetAliasCommand.cpp" />
		<Unit filename="src/SetDateCommand.cpp" />
		<Unit filename="src/SetPCBPriorityCommand.cpp" />
		<Unit filename="src/ShortestJobFirst.cpp" />
		<Unit filename="src/ShortestTimeToCompletion.cpp" />
		<Unit filename="src/ShowAllPCBCommand.cpp" />
		<Unit filename="src/ShowBlockedPCBCommand.cpp" />
		<Unit filename="src/ShowPCBCommand.cpp" />
		<Unit filename="src/ShowReadyPCBCommand.cpp" />
		<Unit filename="src/SuspendPCBCommand.cpp" />
		<Unit filename="src/System.cpp" />
		<Unit filename="src/UnblockPCBCommand.cpp" />
		<Unit filename="src/ViewDirectoryCommand.cpp" />
		<Extensions>
			<code_completion />
			<envvars />
			<debugger />
		</Extensions>
	</Project>
</CodeBlocks_project_file>
